
Microsoft Visual Studio Solution File, Format Version 12.00
# Visual Studio Version 17
VisualStudioVersion = 17.7.34031.279
MinimumVisualStudioVersion = 10.0.40219.1
Project("{FAE04EC0-301F-11D3-BF4B-00C04F79EFBC}") = "SimulationEngine.Editor", "SimulationEngine.Editor\SimulationEngine.Editor.csproj", "{7F94E360-5BA2-4357-A029-0820226D2662}"
EndProject
Global
	GlobalSection(SolutionConfigurationPlatforms) = preSolution
		Debug|Any CPU = Debug|Any CPU
		Release|Any CPU = Release|Any CPU
	EndGlobalSection
	GlobalSection(ProjectConfigurationPlatforms) = postSolution
		{7F94E360-5BA2-4357-A029-0820226D2662}.Debug|Any CPU.ActiveCfg = Debug|Any CPU
		{7F94E360-5BA2-4357-A029-0820226D2662}.Debug|Any CPU.Build.0 = Debug|Any CPU
		{7F94E360-5BA2-4357-A029-0820226D2662}.Release|Any CPU.ActiveCfg = Release|Any CPU
		{7F94E360-5BA2-4357-A029-0820226D2662}.Release|Any CPU.Build.0 = Release|Any CPU
	EndGlobalSection
	GlobalSection(SolutionProperties) = preSolution
		HideSolutionNode = FALSE
	EndGlobalSection
	GlobalSection(ExtensibilityGlobals) = postSolution
		SolutionGuid = {6FE23518-87AC-4D5C-A710-CC0E84DCEF97}
	EndGlobalSection
EndGlobal
